
Microsoft Visual Studio Solution File, Format Version 12.00
# Visual Studio Version 17
VisualStudioVersion = 17.0.31903.59
MinimumVisualStudioVersion = 10.0.40219.1
Project("{FAE04EC0-301F-11D3-BF4B-00C04F79EFBC}") = "TE22-Story", "TE22-Story\TE22-Story.csproj", "{8B09DC84-35D2-4A92-84DC-6BCC1F7651CF}"
EndProject
Global
	GlobalSection(SolutionConfigurationPlatforms) = preSolution
		Debug|Any CPU = Debug|Any CPU
		Release|Any CPU = Release|Any CPU
	EndGlobalSection
	GlobalSection(SolutionProperties) = preSolution
		HideSolutionNode = FALSE
	EndGlobalSection
	GlobalSection(ProjectConfigurationPlatforms) = postSolution
		{8B09DC84-35D2-4A92-84DC-6BCC1F7651CF}.Debug|Any CPU.ActiveCfg = Debug|Any CPU
		{8B09DC84-35D2-4A92-84DC-6BCC1F7651CF}.Debug|Any CPU.Build.0 = Debug|Any CPU
		{8B09DC84-35D2-4A92-84DC-6BCC1F7651CF}.Release|Any CPU.ActiveCfg = Release|Any CPU
		{8B09DC84-35D2-4A92-84DC-6BCC1F7651CF}.Release|Any CPU.Build.0 = Release|Any CPU
	EndGlobalSection
EndGlobal
